
Microsoft Visual Studio Solution File, Format Version 12.00
# Visual Studio Version 17
VisualStudioVersion = 17.10.35004.147
MinimumVisualStudioVersion = 10.0.40219.1
Project("{F184B08F-C81C-45F6-A57F-5ABD9991F28F}") = "Slidely2", "Slidely2\Slidely2.vbproj", "{DFE4C9FA-2ABA-48E0-A0C4-85C83D8ED42F}"
EndProject
Global
	GlobalSection(SolutionConfigurationPlatforms) = preSolution
		Debug|Any CPU = Debug|Any CPU
		Release|Any CPU = Release|Any CPU
	EndGlobalSection
	GlobalSection(ProjectConfigurationPlatforms) = postSolution
		{DFE4C9FA-2ABA-48E0-A0C4-85C83D8ED42F}.Debug|Any CPU.ActiveCfg = Debug|Any CPU
		{DFE4C9FA-2ABA-48E0-A0C4-85C83D8ED42F}.Debug|Any CPU.Build.0 = Debug|Any CPU
		{DFE4C9FA-2ABA-48E0-A0C4-85C83D8ED42F}.Release|Any CPU.ActiveCfg = Release|Any CPU
		{DFE4C9FA-2ABA-48E0-A0C4-85C83D8ED42F}.Release|Any CPU.Build.0 = Release|Any CPU
	EndGlobalSection
	GlobalSection(SolutionProperties) = preSolution
		HideSolutionNode = FALSE
	EndGlobalSection
	GlobalSection(ExtensibilityGlobals) = postSolution
		SolutionGuid = {1F82DBAF-479A-4B52-BAE7-0F3D7FE33BD5}
	EndGlobalSection
EndGlobal
